
Microsoft Visual Studio Solution File, Format Version 12.00
# Visual Studio Version 17
VisualStudioVersion = 17.8.34330.188
MinimumVisualStudioVersion = 10.0.40219.1
Project("{FAE04EC0-301F-11D3-BF4B-00C04F79EFBC}") = "GUI", "GUI\GUI.csproj", "{BFE1A06B-5854-4D58-8BF0-712180AC9600}"
EndProject
Project("{FAE04EC0-301F-11D3-BF4B-00C04F79EFBC}") = "DTO", "DTO\DTO.csproj", "{3AF7F5AC-FBDD-413B-8884-B092B2BDFC81}"
EndProject
Project("{FAE04EC0-301F-11D3-BF4B-00C04F79EFBC}") = "BLL", "BLL\BLL.csproj", "{F28BF7ED-FFB1-483C-BFA1-6C933FF636B3}"
EndProject
Project("{FAE04EC0-301F-11D3-BF4B-00C04F79EFBC}") = "DAL", "DAL\DAL.csproj", "{E8160473-650C-4BF9-AD4A-22CCDA942F20}"
EndProject
Global
	GlobalSection(SolutionConfigurationPlatforms) = preSolution
		Debug|Any CPU = Debug|Any CPU
		Release|Any CPU = Release|Any CPU
	EndGlobalSection
	GlobalSection(ProjectConfigurationPlatforms) = postSolution
		{BFE1A06B-5854-4D58-8BF0-712180AC9600}.Debug|Any CPU.ActiveCfg = Debug|Any CPU
		{BFE1A06B-5854-4D58-8BF0-712180AC9600}.Debug|Any CPU.Build.0 = Debug|Any CPU
		{BFE1A06B-5854-4D58-8BF0-712180AC9600}.Release|Any CPU.ActiveCfg = Release|Any CPU
		{BFE1A06B-5854-4D58-8BF0-712180AC9600}.Release|Any CPU.Build.0 = Release|Any CPU
		{3AF7F5AC-FBDD-413B-8884-B092B2BDFC81}.Debug|Any CPU.ActiveCfg = Debug|Any CPU
		{3AF7F5AC-FBDD-413B-8884-B092B2BDFC81}.Debug|Any CPU.Build.0 = Debug|Any CPU
		{3AF7F5AC-FBDD-413B-8884-B092B2BDFC81}.Release|Any CPU.ActiveCfg = Release|Any CPU
		{3AF7F5AC-FBDD-413B-8884-B092B2BDFC81}.Release|Any CPU.Build.0 = Release|Any CPU
		{F28BF7ED-FFB1-483C-BFA1-6C933FF636B3}.Debug|Any CPU.ActiveCfg = Debug|Any CPU
		{F28BF7ED-FFB1-483C-BFA1-6C933FF636B3}.Debug|Any CPU.Build.0 = Debug|Any CPU
		{F28BF7ED-FFB1-483C-BFA1-6C933FF636B3}.Release|Any CPU.ActiveCfg = Release|Any CPU
		{F28BF7ED-FFB1-483C-BFA1-6C933FF636B3}.Release|Any CPU.Build.0 = Release|Any CPU
		{E8160473-650C-4BF9-AD4A-22CCDA942F20}.Debug|Any CPU.ActiveCfg = Debug|Any CPU
		{E8160473-650C-4BF9-AD4A-22CCDA942F20}.Debug|Any CPU.Build.0 = Debug|Any CPU
		{E8160473-650C-4BF9-AD4A-22CCDA942F20}.Release|Any CPU.ActiveCfg = Release|Any CPU
		{E8160473-650C-4BF9-AD4A-22CCDA942F20}.Release|Any CPU.Build.0 = Release|Any CPU
	EndGlobalSection
	GlobalSection(SolutionProperties) = preSolution
		HideSolutionNode = FALSE
	EndGlobalSection
	GlobalSection(ExtensibilityGlobals) = postSolution
		SolutionGuid = {45229F1D-8E36-4594-BCD8-B95E5C40E3E0}
	EndGlobalSection
EndGlobal
